
Microsoft Visual Studio Solution File, Format Version 12.00
# Visual Studio Version 17
VisualStudioVersion = 17.5.33530.505
MinimumVisualStudioVersion = 10.0.40219.1
Project("{FAE04EC0-301F-11D3-BF4B-00C04F79EFBC}") = "Embedder", "Embedder\Embedder.csproj", "{AFF16D4D-8A8B-4350-AB18-C702C92C7FF1}"
EndProject
Project("{FAE04EC0-301F-11D3-BF4B-00C04F79EFBC}") = "Experimental", "Experimental\Experimental.csproj", "{B61FBEFA-9690-4DCB-9AC1-6C0A0015FBEE}"
EndProject
Global
	GlobalSection(SolutionConfigurationPlatforms) = preSolution
		Debug|Any CPU = Debug|Any CPU
		Release|Any CPU = Release|Any CPU
	EndGlobalSection
	GlobalSection(ProjectConfigurationPlatforms) = postSolution
		{AFF16D4D-8A8B-4350-AB18-C702C92C7FF1}.Debug|Any CPU.ActiveCfg = Debug|Any CPU
		{AFF16D4D-8A8B-4350-AB18-C702C92C7FF1}.Debug|Any CPU.Build.0 = Debug|Any CPU
		{AFF16D4D-8A8B-4350-AB18-C702C92C7FF1}.Release|Any CPU.ActiveCfg = Release|Any CPU
		{AFF16D4D-8A8B-4350-AB18-C702C92C7FF1}.Release|Any CPU.Build.0 = Release|Any CPU
		{B61FBEFA-9690-4DCB-9AC1-6C0A0015FBEE}.Debug|Any CPU.ActiveCfg = Debug|Any CPU
		{B61FBEFA-9690-4DCB-9AC1-6C0A0015FBEE}.Debug|Any CPU.Build.0 = Debug|Any CPU
		{B61FBEFA-9690-4DCB-9AC1-6C0A0015FBEE}.Release|Any CPU.ActiveCfg = Release|Any CPU
		{B61FBEFA-9690-4DCB-9AC1-6C0A0015FBEE}.Release|Any CPU.Build.0 = Release|Any CPU
	EndGlobalSection
	GlobalSection(SolutionProperties) = preSolution
		HideSolutionNode = FALSE
	EndGlobalSection
	GlobalSection(ExtensibilityGlobals) = postSolution
		SolutionGuid = {670AB752-5380-43C3-9547-8C13C1BB2687}
	EndGlobalSection
EndGlobal
